
Microsoft Visual Studio Solution File, Format Version 12.00
# Visual Studio Version 16
VisualStudioVersion = 25.0.1700.3
MinimumVisualStudioVersion = 10.0.40219.1
Project("{2150E333-8FDC-42A3-9474-1A3956D46DE8}") = "Api", "Api", "{269BC6AB-30A7-4555-A8C3-99EB336AFB93}"
EndProject
Project("{FAE04EC0-301F-11D3-BF4B-00C04F79EFBC}") = "Blog", "Blog\Blog.csproj", "{35083016-1570-4F46-9773-18AF47E3EF59}"
EndProject
Project("{2150E333-8FDC-42A3-9474-1A3956D46DE8}") = "Common", "Common", "{51735776-E421-48F0-A5C9-3C2CC54E11AC}"
EndProject
Project("{2150E333-8FDC-42A3-9474-1A3956D46DE8}") = "Infrastructure", "Infrastructure", "{310A1775-15DC-4433-ABD0-588712A8A74D}"
EndProject
Project("{2150E333-8FDC-42A3-9474-1A3956D46DE8}") = "Model", "Model", "{37561B8F-D7DE-48AE-B49F-BF3B063B96C0}"
EndProject
Project("{2150E333-8FDC-42A3-9474-1A3956D46DE8}") = "Business Logic", "Business Logic", "{4757DFA7-012B-4CD3-9CC5-3FD80D1BAE3B}"
EndProject
Project("{FAE04EC0-301F-11D3-BF4B-00C04F79EFBC}") = "Blog.Model", "Blog.Model\Blog.Model.csproj", "{E9D540C5-A7AD-4C6F-8612-BB8C795D1D14}"
EndProject
Project("{FAE04EC0-301F-11D3-BF4B-00C04F79EFBC}") = "Blog.Common", "Blog.Common\Blog.Common.csproj", "{D6FD3B0C-7BA5-4F50-AD99-CDD58DB587A9}"
EndProject
Project("{FAE04EC0-301F-11D3-BF4B-00C04F79EFBC}") = "Blog.BusinessLogic", "Blog.BusinessLogic\Blog.BusinessLogic.csproj", "{62694599-B4A7-4E4A-877A-571F1C42FC74}"
EndProject
Global
	GlobalSection(SolutionConfigurationPlatforms) = preSolution
		Debug|Any CPU = Debug|Any CPU
		Release|Any CPU = Release|Any CPU
	EndGlobalSection
	GlobalSection(ProjectConfigurationPlatforms) = postSolution
		{35083016-1570-4F46-9773-18AF47E3EF59}.Debug|Any CPU.ActiveCfg = Debug|Any CPU
		{35083016-1570-4F46-9773-18AF47E3EF59}.Debug|Any CPU.Build.0 = Debug|Any CPU
		{35083016-1570-4F46-9773-18AF47E3EF59}.Release|Any CPU.ActiveCfg = Release|Any CPU
		{35083016-1570-4F46-9773-18AF47E3EF59}.Release|Any CPU.Build.0 = Release|Any CPU
		{E9D540C5-A7AD-4C6F-8612-BB8C795D1D14}.Debug|Any CPU.ActiveCfg = Debug|Any CPU
		{E9D540C5-A7AD-4C6F-8612-BB8C795D1D14}.Debug|Any CPU.Build.0 = Debug|Any CPU
		{E9D540C5-A7AD-4C6F-8612-BB8C795D1D14}.Release|Any CPU.ActiveCfg = Release|Any CPU
		{E9D540C5-A7AD-4C6F-8612-BB8C795D1D14}.Release|Any CPU.Build.0 = Release|Any CPU
		{D6FD3B0C-7BA5-4F50-AD99-CDD58DB587A9}.Debug|Any CPU.ActiveCfg = Debug|Any CPU
		{D6FD3B0C-7BA5-4F50-AD99-CDD58DB587A9}.Debug|Any CPU.Build.0 = Debug|Any CPU
		{D6FD3B0C-7BA5-4F50-AD99-CDD58DB587A9}.Release|Any CPU.ActiveCfg = Release|Any CPU
		{D6FD3B0C-7BA5-4F50-AD99-CDD58DB587A9}.Release|Any CPU.Build.0 = Release|Any CPU
		{62694599-B4A7-4E4A-877A-571F1C42FC74}.Debug|Any CPU.ActiveCfg = Debug|Any CPU
		{62694599-B4A7-4E4A-877A-571F1C42FC74}.Debug|Any CPU.Build.0 = Debug|Any CPU
		{62694599-B4A7-4E4A-877A-571F1C42FC74}.Release|Any CPU.ActiveCfg = Release|Any CPU
		{62694599-B4A7-4E4A-877A-571F1C42FC74}.Release|Any CPU.Build.0 = Release|Any CPU
	EndGlobalSection
	GlobalSection(SolutionProperties) = preSolution
		HideSolutionNode = FALSE
	EndGlobalSection
	GlobalSection(ExtensibilityGlobals) = postSolution
		SolutionGuid = {2FA4370E-186F-4D5C-8915-7E40E0CF3B87}
	EndGlobalSection
	GlobalSection(NestedProjects) = preSolution
		{35083016-1570-4F46-9773-18AF47E3EF59} = {269BC6AB-30A7-4555-A8C3-99EB336AFB93}
		{E9D540C5-A7AD-4C6F-8612-BB8C795D1D14} = {37561B8F-D7DE-48AE-B49F-BF3B063B96C0}
		{D6FD3B0C-7BA5-4F50-AD99-CDD58DB587A9} = {51735776-E421-48F0-A5C9-3C2CC54E11AC}
		{62694599-B4A7-4E4A-877A-571F1C42FC74} = {4757DFA7-012B-4CD3-9CC5-3FD80D1BAE3B}
	EndGlobalSection
EndGlobal
